
Microsoft Visual Studio Solution File, Format Version 12.00
# Visual Studio Version 17
VisualStudioVersion = 17.3.32901.215
MinimumVisualStudioVersion = 10.0.40219.1
Project("{FAE04EC0-301F-11D3-BF4B-00C04F79EFBC}") = "Biblioteca", "Biblioteca\Biblioteca.csproj", "{19542BD5-CA56-43E4-AAA7-59BBDA6F0334}"
EndProject
Global
	GlobalSection(SolutionConfigurationPlatforms) = preSolution
		Debug|Any CPU = Debug|Any CPU
		Release|Any CPU = Release|Any CPU
	EndGlobalSection
	GlobalSection(ProjectConfigurationPlatforms) = postSolution
		{19542BD5-CA56-43E4-AAA7-59BBDA6F0334}.Debug|Any CPU.ActiveCfg = Debug|Any CPU
		{19542BD5-CA56-43E4-AAA7-59BBDA6F0334}.Debug|Any CPU.Build.0 = Debug|Any CPU
		{19542BD5-CA56-43E4-AAA7-59BBDA6F0334}.Release|Any CPU.ActiveCfg = Release|Any CPU
		{19542BD5-CA56-43E4-AAA7-59BBDA6F0334}.Release|Any CPU.Build.0 = Release|Any CPU
	EndGlobalSection
	GlobalSection(SolutionProperties) = preSolution
		HideSolutionNode = FALSE
	EndGlobalSection
	GlobalSection(ExtensibilityGlobals) = postSolution
		SolutionGuid = {EE82EF2C-F374-465C-A770-9BBDB67C71BE}
	EndGlobalSection
EndGlobal
